PODS:
  - Alamofire (4.8.1)
  - InputMask (4.1.0)
  - IQKeyboardManagerSwift (6.2.0)

DEPENDENCIES:
  - Alamofire
  - InputMask
  - IQKeyboardManagerSwift

SPEC CHECKSUMS:
  Alamofire: 16ce2c353fb72865124ddae8a57c5942388f4f11
  InputMask: 603cef8ae05f28e903b852c704350c9d73baf47f
  IQKeyboardManagerSwift: b07ccf9d8cafe993dcd6cb794eb4ba34611a0c4e

PODFILE CHECKSUM: 50fa8fb6315e55410ad189835ebad52c070b2408

COCOAPODS: 1.4.0
